
Microsoft Visual Studio Solution File, Format Version 12.00
# Visual Studio Version 17
VisualStudioVersion = 17.8.34316.72
MinimumVisualStudioVersion = 10.0.40219.1
Project("{FAE04EC0-301F-11D3-BF4B-00C04F79EFBC}") = "TaskOfCreateApi", "TaskOfCreateApi.csproj", "{0D8471EB-E267-4A4A-96AB-553D403B068F}"
EndProject
Global
	GlobalSection(SolutionConfigurationPlatforms) = preSolution
		Debug|Any CPU = Debug|Any CPU
		Release|Any CPU = Release|Any CPU
	EndGlobalSection
	GlobalSection(ProjectConfigurationPlatforms) = postSolution
		{0D8471EB-E267-4A4A-96AB-553D403B068F}.Debug|Any CPU.ActiveCfg = Debug|Any CPU
		{0D8471EB-E267-4A4A-96AB-553D403B068F}.Debug|Any CPU.Build.0 = Debug|Any CPU
		{0D8471EB-E267-4A4A-96AB-553D403B068F}.Release|Any CPU.ActiveCfg = Release|Any CPU
		{0D8471EB-E267-4A4A-96AB-553D403B068F}.Release|Any CPU.Build.0 = Release|Any CPU
	EndGlobalSection
	GlobalSection(SolutionProperties) = preSolution
		HideSolutionNode = FALSE
	EndGlobalSection
	GlobalSection(ExtensibilityGlobals) = postSolution
		SolutionGuid = {2B88B68C-4C9B-42E1-B278-D71523060C58}
	EndGlobalSection
EndGlobal
